{
  "name": "@bit/bit.envs.common.get-capsule-name",
  "version": "0.0.6",
  "lockfileVersion": 1,
  "requires": true,
  "dependencies": {
    "@types/mocha": {
      "version": "5.2.7",
      "resolved": "https://registry.npm.taobao.org/@types/mocha/download/@types/mocha-5.2.7.tgz?cache=0&sync_timestamp=1607440632268&other_urls=https%3A%2F%2Fregistry.npm.taobao.org%2F%40types%2Fmocha%2Fdownload%2F%40types%2Fmocha-5.2.7.tgz",
      "integrity": "sha1-MV1XDMtWxTRS/4Y4c432BybVtuo=",
      "dev": true
    },
    "@types/node": {
      "version": "12.19.12",
      "resolved": "https://registry.npm.taobao.org/@types/node/download/@types/node-12.19.12.tgz?cache=0&sync_timestamp=1609794271748&other_urls=https%3A%2F%2Fregistry.npm.taobao.org%2F%40types%2Fnode%2Fdownload%2F%40types%2Fnode-12.19.12.tgz",
      "integrity": "sha1-BHk8KvpM6DOply5MR2Qy4w+d9Hs=",
      "dev": true
    }
  }
}
